// !$*UTF8*$!
{
	archiveVersion = 1;
	classes = {
	};
	objectVersion = 77;
	objects = {

/* Begin PBXBuildFile section */
		D7748B542E602855003218A2 /* RevenueCat in Frameworks */ = {isa = PBXBuildFile; productRef = D7748B532E602855003218A2 /* RevenueCat */; };
		D7748B562E602855003218A2 /* RevenueCatUI in Frameworks */ = {isa = PBXBuildFile; productRef = D7748B552E602855003218A2 /* RevenueCatUI */; };
		D78D7BEA2E61BCCD000E1449 /* AIProxy in Frameworks */ = {isa = PBXBuildFile; productRef = D78D7BE92E61BCCD000E1449 /* AIProxy */; };
		D79FD98C2E49C804000D2333 /* OneSignalFramework in Frameworks */ = {isa = PBXBuildFile; productRef = D79FD98B2E49C804000D2333 /* OneSignalFramework */; };
		D79FD98E2E49C804000D2333 /* OneSignalInAppMessages in Frameworks */ = {isa = PBXBuildFile; productRef = D79FD98D2E49C804000D2333 /* OneSignalInAppMessages */; };
/* End PBXBuildFile section */

/* Begin PBXFileReference section */
		D79FD9572E49BDD1000D2333 /* Burned.app */ = {isa = PBXFileReference; explicitFileType = wrapper.application; includeInIndex = 0; path = Burned.app; sourceTree = BUILT_PRODUCTS_DIR; };
		D79FD9662E49BE80000D2333 /* HealthKit.framework */ = {isa = PBXFileReference; lastKnownFileType = wrapper.framework; name = HealthKit.framework; path = System/Library/Frameworks/HealthKit.framework; sourceTree = SDKROOT; };
/* End PBXFileReference section */

/* Begin PBXFileSystemSynchronizedBuildFileExceptionSet section */
		D79FD9852E49C2E7000D2333 /* Exceptions for "Burned" folder in "Burned" target */ = {
			isa = PBXFileSystemSynchronizedBuildFileExceptionSet;
			membershipExceptions = (
				Info.plist,
			);
			target = D79FD9562E49BDD1000D2333 /* Burned */;
		};
/* End PBXFileSystemSynchronizedBuildFileExceptionSet section */

/* Begin PBXFileSystemSynchronizedRootGroup section */
		D79FD9592E49BDD1000D2333 /* Burned */ = {
			isa = PBXFileSystemSynchronizedRootGroup;
			exceptions = (
				D79FD9852E49C2E7000D2333 /* Exceptions for "Burned" folder in "Burned" target */,
			);
			path = Burned;
			sourceTree = "<group>";
		};
/* End PBXFileSystemSynchronizedRootGroup section */

/* Begin PBXFrameworksBuildPhase section */
		D79FD9542E49BDD1000D2333 /* Frameworks */ = {
			isa = PBXFrameworksBuildPhase;
			buildActionMask = 2147483647;
			files = (
				D7748B562E602855003218A2 /* RevenueCatUI in Frameworks */,
				D79FD98E2E49C804000D2333 /* OneSignalInAppMessages in Frameworks */,
				D78D7BEA2E61BCCD000E1449 /* AIProxy in Frameworks */,
				D79FD98C2E49C804000D2333 /* OneSignalFramework in Frameworks */,
				D7748B542E602855003218A2 /* RevenueCat in Frameworks */,
			);
			runOnlyForDeploymentPostprocessing = 0;
		};
/* End PBXFrameworksBuildPhase section */

/* Begin PBXGroup section */
		D79FD94E2E49BDD1000D2333 = {
			isa = PBXGroup;
			children = (
				D79FD9592E49BDD1000D2333 /* Burned */,
				D79FD9582E49BDD1000D2333 /* Products */,
				D79FD9672E49BE80000D2333 /* Frameworks */,
			);
			sourceTree = "<group>";
		};
		D79FD9582E49BDD1000D2333 /* Products */ = {
			isa = PBXGroup;
			children = (
				D79FD9572E49BDD1000D2333 /* Burned.app */,
			);
			name = Products;
			sourceTree = "<group>";
		};
		D79FD9672E49BE80000D2333 /* Frameworks */ = {
			isa = PBXGroup;
			children = (
				D79FD9662E49BE80000D2333 /* HealthKit.framework */,
			);
			name = Frameworks;
			sourceTree = "<group>";
		};
/* End PBXGroup section */

/* Begin PBXNativeTarget section */
		D79FD9562E49BDD1000D2333 /* Burned */ = {
			isa = PBXNativeTarget;
			buildConfigurationList = D79FD9622E49BDD3000D2333 /* Build configuration list for PBXNativeTarget "Burned" */;
			buildPhases = (
				D79FD9532E49BDD1000D2333 /* Sources */,
				D79FD9542E49BDD1000D2333 /* Frameworks */,
				D79FD9552E49BDD1000D2333 /* Resources */,
			);
			buildRules = (
			);
			dependencies = (
			);
			fileSystemSynchronizedGroups = (
				D79FD9592E49BDD1000D2333 /* Burned */,
			);
			name = Burned;
			packageProductDependencies = (
				D79FD98B2E49C804000D2333 /* OneSignalFramework */,
				D79FD98D2E49C804000D2333 /* OneSignalInAppMessages */,
				D7748B532E602855003218A2 /* RevenueCat */,
				D7748B552E602855003218A2 /* RevenueCatUI */,
				D78D7BE92E61BCCD000E1449 /* AIProxy */,
			);
			productName = Burned;
			productReference = D79FD9572E49BDD1000D2333 /* Burned.app */;
			productType = "com.apple.product-type.application";
		};
/* End PBXNativeTarget section */

/* Begin PBXProject section */
		D79FD94F2E49BDD1000D2333 /* Project object */ = {
			isa = PBXProject;
			attributes = {
				BuildIndependentTargetsInParallel = 1;
				LastSwiftUpdateCheck = 1640;
				LastUpgradeCheck = 1640;
				TargetAttributes = {
					D79FD9562E49BDD1000D2333 = {
						CreatedOnToolsVersion = 16.4;
					};
				};
			};
			buildConfigurationList = D79FD9522E49BDD1000D2333 /* Build configuration list for PBXProject "Burned" */;
			developmentRegion = en;
			hasScannedForEncodings = 0;
			knownRegions = (
				en,
				Base,
			);
			mainGroup = D79FD94E2E49BDD1000D2333;
			minimizedProjectReferenceProxies = 1;
			packageReferences = (
				D79FD98A2E49C804000D2333 /* XCRemoteSwiftPackageReference "OneSignal-iOS-SDK" */,
				D7748B522E602855003218A2 /* XCRemoteSwiftPackageReference "purchases-ios-spm" */,
				D78D7BE82E61BCCD000E1449 /* XCRemoteSwiftPackageReference "AIProxySwift" */,
			);
			preferredProjectObjectVersion = 77;
			productRefGroup = D79FD9582E49BDD1000D2333 /* Products */;
			projectDirPath = "";
			projectRoot = "";
			targets = (
				D79FD9562E49BDD1000D2333 /* Burned */,
			);
		};
/* End PBXProject section */

/* Begin PBXResourcesBuildPhase section */
		D79FD9552E49BDD1000D2333 /* Resources */ = {
			isa = PBXResourcesBuildPhase;
			buildActionMask = 2147483647;
			files = (
			);
			runOnlyForDeploymentPostprocessing = 0;
		};
/* End PBXResourcesBuildPhase section */

/* Begin PBXSourcesBuildPhase section */
		D79FD9532E49BDD1000D2333 /* Sources */ = {
			isa = PBXSourcesBuildPhase;
			buildActionMask = 2147483647;
			files = (
			);
			runOnlyForDeploymentPostprocessing = 0;
		};
/* End PBXSourcesBuildPhase section */

/* Begin XCBuildConfiguration section */
		D79FD9602E49BDD3000D2333 /* Debug */ = {
			isa = XCBuildConfiguration;
			buildSettings = {
				ALWAYS_SEARCH_USER_PATHS = NO;
				ASSETCATALOG_COMPILER_GENERATE_SWIFT_ASSET_SYMBOL_EXTENSIONS = YES;
				CLANG_ANALYZER_NONNULL = YES;
				CLANG_ANALYZER_NUMBER_OBJECT_CONVERSION = YES_AGGRESSIVE;
				CLANG_CXX_LANGUAGE_STANDARD = "gnu++20";
				CLANG_ENABLE_MODULES = YES;
				CLANG_ENABLE_OBJC_ARC = YES;
				CLANG_ENABLE_OBJC_WEAK = YES;
				CLANG_WARN_BLOCK_CAPTURE_AUTORELEASING = YES;
				CLANG_WARN_BOOL_CONVERSION = YES;
				CLANG_WARN_COMMA = YES;
				CLANG_WARN_CONSTANT_CONVERSION = YES;
				CLANG_WARN_DEPRECATED_OBJC_IMPLEMENTATIONS = YES;
				CLANG_WARN_DIRECT_OBJC_ISA_USAGE = YES_ERROR;
				CLANG_WARN_DOCUMENTATION_COMMENTS = YES;
				CLANG_WARN_EMPTY_BODY = YES;
				CLANG_WARN_ENUM_CONVERSION = YES;
				CLANG_WARN_INFINITE_RECURSION = YES;
				CLANG_WARN_INT_CONVERSION = YES;
				CLANG_WARN_NON_LITERAL_NULL_CONVERSION = YES;
				CLANG_WARN_OBJC_IMPLICIT_RETAIN_SELF = YES;
				CLANG_WARN_OBJC_LITERAL_CONVERSION = YES;
				CLANG_WARN_OBJC_ROOT_CLASS = YES_ERROR;
				CLANG_WARN_QUOTED_INCLUDE_IN_FRAMEWORK_HEADER = YES;
				CLANG_WARN_RANGE_LOOP_ANALYSIS = YES;
				CLANG_WARN_STRICT_PROTOTYPES = YES;
				CLANG_WARN_SUSPICIOUS_MOVE = YES;
				CLANG_WARN_UNGUARDED_AVAILABILITY = YES_AGGRESSIVE;
				CLANG_WARN_UNREACHABLE_CODE = YES;
				CLANG_WARN__DUPLICATE_METHOD_MATCH = YES;
				COPY_PHASE_STRIP = NO;
				DEBUG_INFORMATION_FORMAT = dwarf;
				DEVELOPMENT_TEAM = DDM6T9JRUS;
				ENABLE_STRICT_OBJC_MSGSEND = YES;
				ENABLE_TESTABILITY = YES;
				ENABLE_USER_SCRIPT_SANDBOXING = YES;
				GCC_C_LANGUAGE_STANDARD = gnu17;
				GCC_DYNAMIC_NO_PIC = NO;
				GCC_NO_COMMON_BLOCKS = YES;
				GCC_OPTIMIZATION_LEVEL = 0;
				GCC_PREPROCESSOR_DEFINITIONS = (
					"DEBUG=1",
					"$(inherited)",
				);
				GCC_WARN_64_TO_32_BIT_CONVERSION = YES;
				GCC_WARN_ABOUT_RETURN_TYPE = YES_ERROR;
				GCC_WARN_UNDECLARED_SELECTOR = YES;
				GCC_WARN_UNINITIALIZED_AUTOS = YES_AGGRESSIVE;
				GCC_WARN_UNUSED_FUNCTION = YES;
				GCC_WARN_UNUSED_VARIABLE = YES;
				IPHONEOS_DEPLOYMENT_TARGET = 18.5;
				LOCALIZATION_PREFERS_STRING_CATALOGS = YES;
				MTL_ENABLE_DEBUG_INFO = INCLUDE_SOURCE;
				MTL_FAST_MATH = YES;
				ONLY_ACTIVE_ARCH = YES;
				SDKROOT = iphoneos;
				SWIFT_ACTIVE_COMPILATION_CONDITIONS = "DEBUG $(inherited)";
				SWIFT_OPTIMIZATION_LEVEL = "-Onone";
			};
			name = Debug;
		};
		D79FD9612E49BDD3000D2333 /* Release */ = {
			isa = XCBuildConfiguration;
			buildSettings = {
				ALWAYS_SEARCH_USER_PATHS = NO;
				ASSETCATALOG_COMPILER_GENERATE_SWIFT_ASSET_SYMBOL_EXTENSIONS = YES;
				CLANG_ANALYZER_NONNULL = YES;
				CLANG_ANALYZER_NUMBER_OBJECT_CONVERSION = YES_AGGRESSIVE;
				CLANG_CXX_LANGUAGE_STANDARD = "gnu++20";
				CLANG_ENABLE_MODULES = YES;
				CLANG_ENABLE_OBJC_ARC = YES;
				CLANG_ENABLE_OBJC_WEAK = YES;
				CLANG_WARN_BLOCK_CAPTURE_AUTORELEASING = YES;
				CLANG_WARN_BOOL_CONVERSION = YES;
				CLANG_WARN_COMMA = YES;
				CLANG_WARN_CONSTANT_CONVERSION = YES;
				CLANG_WARN_DEPRECATED_OBJC_IMPLEMENTATIONS = YES;
				CLANG_WARN_DIRECT_OBJC_ISA_USAGE = YES_ERROR;
				CLANG_WARN_DOCUMENTATION_COMMENTS = YES;
				CLANG_WARN_EMPTY_BODY = YES;
				CLANG_WARN_ENUM_CONVERSION = YES;
				CLANG_WARN_INFINITE_RECURSION = YES;
				CLANG_WARN_INT_CONVERSION = YES;
				CLANG_WARN_NON_LITERAL_NULL_CONVERSION = YES;
				CLANG_WARN_OBJC_IMPLICIT_RETAIN_SELF = YES;
				CLANG_WARN_OBJC_LITERAL_CONVERSION = YES;
				CLANG_WARN_OBJC_ROOT_CLASS = YES_ERROR;
				CLANG_WARN_QUOTED_INCLUDE_IN_FRAMEWORK_HEADER = YES;
				CLANG_WARN_RANGE_LOOP_ANALYSIS = YES;
				CLANG_WARN_STRICT_PROTOTYPES = YES;
				CLANG_WARN_SUSPICIOUS_MOVE = YES;
				CLANG_WARN_UNGUARDED_AVAILABILITY = YES_AGGRESSIVE;
				CLANG_WARN_UNREACHABLE_CODE = YES;
				CLANG_WARN__DUPLICATE_METHOD_MATCH = YES;
				COPY_PHASE_STRIP = NO;
				DEBUG_INFORMATION_FORMAT = "dwarf-with-dsym";
				DEVELOPMENT_TEAM = DDM6T9JRUS;
				ENABLE_NS_ASSERTIONS = NO;
				ENABLE_STRICT_OBJC_MSGSEND = YES;
				ENABLE_USER_SCRIPT_SANDBOXING = YES;
				GCC_C_LANGUAGE_STANDARD = gnu17;
				GCC_NO_COMMON_BLOCKS = YES;
				GCC_WARN_64_TO_32_BIT_CONVERSION = YES;
				GCC_WARN_ABOUT_RETURN_TYPE = YES_ERROR;
				GCC_WARN_UNDECLARED_SELECTOR = YES;
				GCC_WARN_UNINITIALIZED_AUTOS = YES_AGGRESSIVE;
				GCC_WARN_UNUSED_FUNCTION = YES;
				GCC_WARN_UNUSED_VARIABLE = YES;
				IPHONEOS_DEPLOYMENT_TARGET = 18.5;
				LOCALIZATION_PREFERS_STRING_CATALOGS = YES;
				MTL_ENABLE_DEBUG_INFO = NO;
				MTL_FAST_MATH = YES;
				SDKROOT = iphoneos;
				SWIFT_COMPILATION_MODE = wholemodule;
				VALIDATE_PRODUCT = YES;
			};
			name = Release;
		};
		D79FD9632E49BDD3000D2333 /* Debug */ = {
			isa = XCBuildConfiguration;
			buildSettings = {
				ASSETCATALOG_COMPILER_APPICON_NAME = AppIcon;
				ASSETCATALOG_COMPILER_GLOBAL_ACCENT_COLOR_NAME = AccentColor;
				CODE_SIGN_ENTITLEMENTS = Burned/Burned.entitlements;
				CODE_SIGN_STYLE = Automatic;
				CURRENT_PROJECT_VERSION = 1;
				DEVELOPMENT_TEAM = DDM6T9JRUS;
				ENABLE_PREVIEWS = YES;
				GENERATE_INFOPLIST_FILE = YES;
				INFOPLIST_FILE = Burned/Info.plist;
				INFOPLIST_KEY_NSHealthShareUsageDescription = "This app uses your health data to create personalized fitness roasts and motivation based on your activity levels, heart rate, and sleep patterns.";
				INFOPLIST_KEY_NSHealthUpdateUsageDescription = "This app may update your health data for tracking purposes.";
				INFOPLIST_KEY_UIApplicationSceneManifest_Generation = YES;
				INFOPLIST_KEY_UIApplicationSupportsIndirectInputEvents = YES;
				INFOPLIST_KEY_UILaunchScreen_Generation = YES;
				INFOPLIST_KEY_UISupportedInterfaceOrientations = UIInterfaceOrientationPortrait;
				INFOPLIST_KEY_UISupportedInterfaceOrientations_iPad = "UIInterfaceOrientationLandscapeLeft UIInterfaceOrientationLandscapeRight";
				LD_RUNPATH_SEARCH_PATHS = (
					"$(inherited)",
					"@executable_path/Frameworks",
				);
				MARKETING_VERSION = 1.1;
				PRODUCT_BUNDLE_IDENTIFIER = com.niyat.Burned;
				PRODUCT_NAME = "$(TARGET_NAME)";
				SUPPORTED_PLATFORMS = "iphoneos iphonesimulator";
				SUPPORTS_MACCATALYST = NO;
				SWIFT_EMIT_LOC_STRINGS = YES;
				SWIFT_VERSION = 5.0;
				TARGETED_DEVICE_FAMILY = 1;
			};
			name = Debug;
		};
		D79FD9642E49BDD3000D2333 /* Release */ = {
			isa = XCBuildConfiguration;
			buildSettings = {
				ASSETCATALOG_COMPILER_APPICON_NAME = AppIcon;
				ASSETCATALOG_COMPILER_GLOBAL_ACCENT_COLOR_NAME = AccentColor;
				CODE_SIGN_ENTITLEMENTS = Burned/Burned.entitlements;
				CODE_SIGN_STYLE = Automatic;
				CURRENT_PROJECT_VERSION = 1;
				DEVELOPMENT_TEAM = DDM6T9JRUS;
				ENABLE_PREVIEWS = YES;
				GENERATE_INFOPLIST_FILE = YES;
				INFOPLIST_FILE = Burned/Info.plist;
				INFOPLIST_KEY_NSHealthShareUsageDescription = "This app uses your health data to create personalized fitness roasts and motivation based on your activity levels, heart rate, and sleep patterns.";
				INFOPLIST_KEY_NSHealthUpdateUsageDescription = "This app may update your health data for tracking purposes.";
				INFOPLIST_KEY_UIApplicationSceneManifest_Generation = YES;
				INFOPLIST_KEY_UIApplicationSupportsIndirectInputEvents = YES;
				INFOPLIST_KEY_UILaunchScreen_Generation = YES;
				INFOPLIST_KEY_UISupportedInterfaceOrientations = UIInterfaceOrientationPortrait;
				INFOPLIST_KEY_UISupportedInterfaceOrientations_iPad = "UIInterfaceOrientationLandscapeLeft UIInterfaceOrientationLandscapeRight";
				LD_RUNPATH_SEARCH_PATHS = (
					"$(inherited)",
					"@executable_path/Frameworks",
				);
				MARKETING_VERSION = 1.1;
				PRODUCT_BUNDLE_IDENTIFIER = com.niyat.Burned;
				PRODUCT_NAME = "$(TARGET_NAME)";
				SUPPORTED_PLATFORMS = "iphoneos iphonesimulator";
				SUPPORTS_MACCATALYST = NO;
				SWIFT_EMIT_LOC_STRINGS = YES;
				SWIFT_VERSION = 5.0;
				TARGETED_DEVICE_FAMILY = 1;
			};
			name = Release;
		};
/* End XCBuildConfiguration section */

/* Begin XCConfigurationList section */
		D79FD9522E49BDD1000D2333 /* Build configuration list for PBXProject "Burned" */ = {
			isa = XCConfigurationList;
			buildConfigurations = (
				D79FD9602E49BDD3000D2333 /* Debug */,
				D79FD9612E49BDD3000D2333 /* Release */,
			);
			defaultConfigurationIsVisible = 0;
			defaultConfigurationName = Release;
		};
		D79FD9622E49BDD3000D2333 /* Build configuration list for PBXNativeTarget "Burned" */ = {
			isa = XCConfigurationList;
			buildConfigurations = (
				D79FD9632E49BDD3000D2333 /* Debug */,
				D79FD9642E49BDD3000D2333 /* Release */,
			);
			defaultConfigurationIsVisible = 0;
			defaultConfigurationName = Release;
		};
/* End XCConfigurationList section */

/* Begin XCRemoteSwiftPackageReference section */
		D7748B522E602855003218A2 /* XCRemoteSwiftPackageReference "purchases-ios-spm" */ = {
			isa = XCRemoteSwiftPackageReference;
			repositoryURL = "https://github.com/RevenueCat/purchases-ios-spm.git";
			requirement = {
				kind = upToNextMajorVersion;
				minimumVersion = 5.35.1;
			};
		};
		D78D7BE82E61BCCD000E1449 /* XCRemoteSwiftPackageReference "AIProxySwift" */ = {
			isa = XCRemoteSwiftPackageReference;
			repositoryURL = "https://github.com/lzell/AIProxySwift.git";
			requirement = {
				kind = upToNextMajorVersion;
				minimumVersion = 0.126.1;
			};
		};
		D79FD98A2E49C804000D2333 /* XCRemoteSwiftPackageReference "OneSignal-iOS-SDK" */ = {
			isa = XCRemoteSwiftPackageReference;
			repositoryURL = "https://github.com/OneSignal/OneSignal-iOS-SDK";
			requirement = {
				kind = upToNextMajorVersion;
				minimumVersion = 5.2.14;
			};
		};
/* End XCRemoteSwiftPackageReference section */

/* Begin XCSwiftPackageProductDependency section */
		D7748B532E602855003218A2 /* RevenueCat */ = {
			isa = XCSwiftPackageProductDependency;
			package = D7748B522E602855003218A2 /* XCRemoteSwiftPackageReference "purchases-ios-spm" */;
			productName = RevenueCat;
		};
		D7748B552E602855003218A2 /* RevenueCatUI */ = {
			isa = XCSwiftPackageProductDependency;
			package = D7748B522E602855003218A2 /* XCRemoteSwiftPackageReference "purchases-ios-spm" */;
			productName = RevenueCatUI;
		};
		D78D7BE92E61BCCD000E1449 /* AIProxy */ = {
			isa = XCSwiftPackageProductDependency;
			package = D78D7BE82E61BCCD000E1449 /* XCRemoteSwiftPackageReference "AIProxySwift" */;
			productName = AIProxy;
		};
		D79FD98B2E49C804000D2333 /* OneSignalFramework */ = {
			isa = XCSwiftPackageProductDependency;
			package = D79FD98A2E49C804000D2333 /* XCRemoteSwiftPackageReference "OneSignal-iOS-SDK" */;
			productName = OneSignalFramework;
		};
		D79FD98D2E49C804000D2333 /* OneSignalInAppMessages */ = {
			isa = XCSwiftPackageProductDependency;
			package = D79FD98A2E49C804000D2333 /* XCRemoteSwiftPackageReference "OneSignal-iOS-SDK" */;
			productName = OneSignalInAppMessages;
		};
/* End XCSwiftPackageProductDependency section */
	};
	rootObject = D79FD94F2E49BDD1000D2333 /* Project object */;
}
